{
  "version": 4,
  "terraform_version": "1.5.6",
  "serial": 57,
  "lineage": "211cae63-a719-125a-0ee2-bf087c25a2be",
  "outputs": {},
  "resources": [
    {
      "mode": "managed",
      "type": "azurerm_linux_virtual_machine",
      "name": "vm",
      "provider": "provider[\"registry.terraform.io/hashicorp/azurerm\"]",
      "instances": [
        {
          "index_key": "checkers",
          "schema_version": 0,
          "attributes": {
            "additional_capabilities": [],
            "admin_password": "checkers1Password",
            "admin_ssh_key": [
              {
                "public_key": "ssh-rsa AAAAB3NzaC1yc2EAAAADAQABAAABgQC2QX/hFbBHcajLKHzb0KpFh93dNsvYqszePDDPjlbn+KBO+OzdKeDmq43W8bs+vxLBhRb7TaBY+9fgxBIoytNDLm8qGeOhW5v+/RICNfmQvTJAtjyF0q15re87V43FG5sJfzkhmzrOV76U0JidwpKQ35kgoItLIqtZPwXrpHXRgmIebi72jHeuS354a1uQtr6VYWFvyQOlnXEkNPQL4+9G7CnwhtgrtvXOCqOHHOwcZFo9svUyVdGWdA1RmOH7mxFM3YIYjpCjWYU1WKILoN6cK6TX09d9/dLTlsH8CEP4X+bmajzclG2pWd3inqVIPPsnvEkxUYkoSdWBoxSTAsNRUFHeHg4UrluISVcHvswktwok4lzNIKBYLXtARiLZDGtyBGQAsXunbjViNI9zxjZMGMr+eDTG5HDzTczxHngCGBDp4+/Gw1+0+jkcOSS9xzSa3KsdjRaW232AglkLwMdkkYu5yAMCQaLGhwCKEQgOBijkQqF0MWpcFbTLynkqCtU= janni@Terminator\r\n",
                "username": "adminuser"
              }
            ],
            "admin_username": "adminuser",
            "allow_extension_operations": true,
            "availability_set_id": "",
            "boot_diagnostics": [],
            "bypass_platform_safety_checks_on_user_schedule_enabled": false,
            "capacity_reservation_group_id": "",
            "computer_name": "checkers",
            "custom_data": "ICAgICAgICAgICAgICAgICMhL2Jpbi9iYXNoDQogICAgICAgICAgICAgICAgZWNobyAiSGVsbG8gZnJvbSBjaGVja2VycyAhDQo=",
            "dedicated_host_group_id": "",
            "dedicated_host_id": "",
            "disable_password_authentication": true,
            "edge_zone": "",
            "encryption_at_host_enabled": false,
            "eviction_policy": "",
            "extensions_time_budget": "PT1H30M",
            "gallery_application": [],
            "id": "/subscriptions/be7591e7-82ec-4cc6-ad39-0b4e9f730281/resourceGroups/simulation-setup/providers/Microsoft.Compute/virtualMachines/checkers",
            "identity": [],
            "license_type": "",
            "location": "westeurope",
            "max_bid_price": -1,
            "name": "checkers",
            "network_interface_ids": [
              "/subscriptions/be7591e7-82ec-4cc6-ad39-0b4e9f730281/resourceGroups/simulation-setup/providers/Microsoft.Network/networkInterfaces/checkers-nic"
            ],
            "os_disk": [
              {
                "caching": "ReadWrite",
                "diff_disk_settings": [],
                "disk_encryption_set_id": "",
                "disk_size_gb": 30,
                "name": "checkers_OsDisk_1_5a4d04b722324a809a5e9e5f293957d5",
                "secure_vm_disk_encryption_set_id": "",
                "security_encryption_type": "",
                "storage_account_type": "Standard_LRS",
                "write_accelerator_enabled": false
              }
            ],
            "patch_assessment_mode": "ImageDefault",
            "patch_mode": "ImageDefault",
            "plan": [],
            "platform_fault_domain": -1,
            "priority": "Regular",
            "private_ip_address": "10.0.2.4",
            "private_ip_addresses": [
              "10.0.2.4"
            ],
            "provision_vm_agent": true,
            "proximity_placement_group_id": "",
            "public_ip_address": "104.47.148.95",
            "public_ip_addresses": [
              "104.47.148.95"
            ],
            "reboot_setting": "",
            "resource_group_name": "simulation-setup",
            "secret": [],
            "secure_boot_enabled": false,
            "size": "Standard_A1_v2",
            "source_image_id": "",
            "source_image_reference": [
              {
                "offer": "UbuntuServer",
                "publisher": "Canonical",
                "sku": "18.04-LTS",
                "version": "latest"
              }
            ],
            "tags": null,
            "termination_notification": null,
            "timeouts": null,
            "user_data": "",
            "virtual_machine_id": "02351ca3-7e71-494f-b17d-1b5c7eed0744",
            "virtual_machine_scale_set_id": "",
            "vtpm_enabled": false,
            "zone": ""
          },
          "sensitive_attributes": [],
          "private": "eyJlMmJmYjczMC1lY2FhLTExZTYtOGY4OC0zNDM2M2JjN2M0YzAiOnsiY3JlYXRlIjoyNzAwMDAwMDAwMDAwLCJkZWxldGUiOjI3MDAwMDAwMDAwMDAsInJlYWQiOjMwMDAwMDAwMDAwMCwidXBkYXRlIjoyNzAwMDAwMDAwMDAwfX0=",
          "dependencies": [
            "azurerm_network_interface.vm_nic",
            "azurerm_public_ip.vm_pip",
            "azurerm_resource_group.rg",
            "azurerm_subnet.snet",
            "azurerm_virtual_network.vnet"
          ]
        },
        {
          "index_key": "enoengine",
          "schema_version": 0,
          "attributes": {
            "additional_capabilities": [],
            "admin_password": "enoengine1Password",
            "admin_ssh_key": [
              {
                "public_key": "ssh-rsa AAAAB3NzaC1yc2EAAAADAQABAAABgQC2QX/hFbBHcajLKHzb0KpFh93dNsvYqszePDDPjlbn+KBO+OzdKeDmq43W8bs+vxLBhRb7TaBY+9fgxBIoytNDLm8qGeOhW5v+/RICNfmQvTJAtjyF0q15re87V43FG5sJfzkhmzrOV76U0JidwpKQ35kgoItLIqtZPwXrpHXRgmIebi72jHeuS354a1uQtr6VYWFvyQOlnXEkNPQL4+9G7CnwhtgrtvXOCqOHHOwcZFo9svUyVdGWdA1RmOH7mxFM3YIYjpCjWYU1WKILoN6cK6TX09d9/dLTlsH8CEP4X+bmajzclG2pWd3inqVIPPsnvEkxUYkoSdWBoxSTAsNRUFHeHg4UrluISVcHvswktwok4lzNIKBYLXtARiLZDGtyBGQAsXunbjViNI9zxjZMGMr+eDTG5HDzTczxHngCGBDp4+/Gw1+0+jkcOSS9xzSa3KsdjRaW232AglkLwMdkkYu5yAMCQaLGhwCKEQgOBijkQqF0MWpcFbTLynkqCtU= janni@Terminator\r\n",
                "username": "adminuser"
              }
            ],
            "admin_username": "adminuser",
            "allow_extension_operations": true,
            "availability_set_id": "",
            "boot_diagnostics": [],
            "bypass_platform_safety_checks_on_user_schedule_enabled": false,
            "capacity_reservation_group_id": "",
            "computer_name": "enoengine",
            "custom_data": "ICAgICAgICAgICAgICAgICMhL2Jpbi9iYXNoDQogICAgICAgICAgICAgICAgZWNobyAiSGVsbG8gZnJvbSBlbm9lbmdpbmUgIQ0K",
            "dedicated_host_group_id": "",
            "dedicated_host_id": "",
            "disable_password_authentication": true,
            "edge_zone": "",
            "encryption_at_host_enabled": false,
            "eviction_policy": "",
            "extensions_time_budget": "PT1H30M",
            "gallery_application": [],
            "id": "/subscriptions/be7591e7-82ec-4cc6-ad39-0b4e9f730281/resourceGroups/simulation-setup/providers/Microsoft.Compute/virtualMachines/enoengine",
            "identity": [],
            "license_type": "",
            "location": "westeurope",
            "max_bid_price": -1,
            "name": "enoengine",
            "network_interface_ids": [
              "/subscriptions/be7591e7-82ec-4cc6-ad39-0b4e9f730281/resourceGroups/simulation-setup/providers/Microsoft.Network/networkInterfaces/enoengine-nic"
            ],
            "os_disk": [
              {
                "caching": "ReadWrite",
                "diff_disk_settings": [],
                "disk_encryption_set_id": "",
                "disk_size_gb": 30,
                "name": "enoengine_OsDisk_1_dd9d4226a3584678b4839b6bf1dc0f6c",
                "secure_vm_disk_encryption_set_id": "",
                "security_encryption_type": "",
                "storage_account_type": "Standard_LRS",
                "write_accelerator_enabled": false
              }
            ],
            "patch_assessment_mode": "ImageDefault",
            "patch_mode": "ImageDefault",
            "plan": [],
            "platform_fault_domain": -1,
            "priority": "Regular",
            "private_ip_address": "10.0.2.5",
            "private_ip_addresses": [
              "10.0.2.5"
            ],
            "provision_vm_agent": true,
            "proximity_placement_group_id": "",
            "public_ip_address": "104.47.148.40",
            "public_ip_addresses": [
              "104.47.148.40"
            ],
            "reboot_setting": "",
            "resource_group_name": "simulation-setup",
            "secret": [],
            "secure_boot_enabled": false,
            "size": "Standard_A1_v2",
            "source_image_id": "",
            "source_image_reference": [
              {
                "offer": "UbuntuServer",
                "publisher": "Canonical",
                "sku": "18.04-LTS",
                "version": "latest"
              }
            ],
            "tags": null,
            "termination_notification": null,
            "timeouts": null,
            "user_data": "",
            "virtual_machine_id": "6ace5d9a-fadd-45b4-b75f-8b6f9dd5d239",
            "virtual_machine_scale_set_id": "",
            "vtpm_enabled": false,
            "zone": ""
          },
          "sensitive_attributes": [],
          "private": "eyJlMmJmYjczMC1lY2FhLTExZTYtOGY4OC0zNDM2M2JjN2M0YzAiOnsiY3JlYXRlIjoyNzAwMDAwMDAwMDAwLCJkZWxldGUiOjI3MDAwMDAwMDAwMDAsInJlYWQiOjMwMDAwMDAwMDAwMCwidXBkYXRlIjoyNzAwMDAwMDAwMDAwfX0=",
          "dependencies": [
            "azurerm_network_interface.vm_nic",
            "azurerm_public_ip.vm_pip",
            "azurerm_resource_group.rg",
            "azurerm_subnet.snet",
            "azurerm_virtual_network.vnet"
          ]
        },
        {
          "index_key": "vulnbox1",
          "schema_version": 0,
          "attributes": {
            "additional_capabilities": [],
            "admin_password": "vulnbox1Password",
            "admin_ssh_key": [
              {
                "public_key": "ssh-rsa AAAAB3NzaC1yc2EAAAADAQABAAABgQC2QX/hFbBHcajLKHzb0KpFh93dNsvYqszePDDPjlbn+KBO+OzdKeDmq43W8bs+vxLBhRb7TaBY+9fgxBIoytNDLm8qGeOhW5v+/RICNfmQvTJAtjyF0q15re87V43FG5sJfzkhmzrOV76U0JidwpKQ35kgoItLIqtZPwXrpHXRgmIebi72jHeuS354a1uQtr6VYWFvyQOlnXEkNPQL4+9G7CnwhtgrtvXOCqOHHOwcZFo9svUyVdGWdA1RmOH7mxFM3YIYjpCjWYU1WKILoN6cK6TX09d9/dLTlsH8CEP4X+bmajzclG2pWd3inqVIPPsnvEkxUYkoSdWBoxSTAsNRUFHeHg4UrluISVcHvswktwok4lzNIKBYLXtARiLZDGtyBGQAsXunbjViNI9zxjZMGMr+eDTG5HDzTczxHngCGBDp4+/Gw1+0+jkcOSS9xzSa3KsdjRaW232AglkLwMdkkYu5yAMCQaLGhwCKEQgOBijkQqF0MWpcFbTLynkqCtU= janni@Terminator\r\n",
                "username": "adminuser"
              }
            ],
            "admin_username": "adminuser",
            "allow_extension_operations": true,
            "availability_set_id": "",
            "boot_diagnostics": [],
            "bypass_platform_safety_checks_on_user_schedule_enabled": false,
            "capacity_reservation_group_id": "",
            "computer_name": "vulnbox1",
            "custom_data": "ICAgICAgICAgICAgICAgICMhL2Jpbi9iYXNoDQogICAgICAgICAgICAgICAgZWNobyAiSGVsbG8gZnJvbSB2dWxuYm94MSAhDQo=",
            "dedicated_host_group_id": "",
            "dedicated_host_id": "",
            "disable_password_authentication": true,
            "edge_zone": "",
            "encryption_at_host_enabled": false,
            "eviction_policy": "",
            "extensions_time_budget": "PT1H30M",
            "gallery_application": [],
            "id": "/subscriptions/be7591e7-82ec-4cc6-ad39-0b4e9f730281/resourceGroups/simulation-setup/providers/Microsoft.Compute/virtualMachines/vulnbox1",
            "identity": [],
            "license_type": "",
            "location": "westeurope",
            "max_bid_price": -1,
            "name": "vulnbox1",
            "network_interface_ids": [
              "/subscriptions/be7591e7-82ec-4cc6-ad39-0b4e9f730281/resourceGroups/simulation-setup/providers/Microsoft.Network/networkInterfaces/vulnbox1-nic"
            ],
            "os_disk": [
              {
                "caching": "ReadWrite",
                "diff_disk_settings": [],
                "disk_encryption_set_id": "",
                "disk_size_gb": 30,
                "name": "vulnbox1_OsDisk_1_6369cf87c169460b875826bbbeed4ede",
                "secure_vm_disk_encryption_set_id": "",
                "security_encryption_type": "",
                "storage_account_type": "Standard_LRS",
                "write_accelerator_enabled": false
              }
            ],
            "patch_assessment_mode": "ImageDefault",
            "patch_mode": "ImageDefault",
            "plan": [],
            "platform_fault_domain": -1,
            "priority": "Regular",
            "private_ip_address": "10.0.2.6",
            "private_ip_addresses": [
              "10.0.2.6"
            ],
            "provision_vm_agent": true,
            "proximity_placement_group_id": "",
            "public_ip_address": "104.47.148.30",
            "public_ip_addresses": [
              "104.47.148.30"
            ],
            "reboot_setting": "",
            "resource_group_name": "simulation-setup",
            "secret": [],
            "secure_boot_enabled": false,
            "size": "Standard_A1_v2",
            "source_image_id": "",
            "source_image_reference": [
              {
                "offer": "UbuntuServer",
                "publisher": "Canonical",
                "sku": "18.04-LTS",
                "version": "latest"
              }
            ],
            "tags": null,
            "termination_notification": null,
            "timeouts": null,
            "user_data": "",
            "virtual_machine_id": "b57e0a90-0a1f-40e5-b6a2-84cf7e0dd11f",
            "virtual_machine_scale_set_id": "",
            "vtpm_enabled": false,
            "zone": ""
          },
          "sensitive_attributes": [],
          "private": "eyJlMmJmYjczMC1lY2FhLTExZTYtOGY4OC0zNDM2M2JjN2M0YzAiOnsiY3JlYXRlIjoyNzAwMDAwMDAwMDAwLCJkZWxldGUiOjI3MDAwMDAwMDAwMDAsInJlYWQiOjMwMDAwMDAwMDAwMCwidXBkYXRlIjoyNzAwMDAwMDAwMDAwfX0=",
          "dependencies": [
            "azurerm_network_interface.vm_nic",
            "azurerm_public_ip.vm_pip",
            "azurerm_resource_group.rg",
            "azurerm_subnet.snet",
            "azurerm_virtual_network.vnet"
          ]
        }
      ]
    },
    {
      "mode": "managed",
      "type": "azurerm_network_interface",
      "name": "vm_nic",
      "provider": "provider[\"registry.terraform.io/hashicorp/azurerm\"]",
      "instances": [
        {
          "index_key": "checkers",
          "schema_version": 0,
          "attributes": {
            "applied_dns_servers": [],
            "dns_servers": [],
            "edge_zone": "",
            "enable_accelerated_networking": false,
            "enable_ip_forwarding": false,
            "id": "/subscriptions/be7591e7-82ec-4cc6-ad39-0b4e9f730281/resourceGroups/simulation-setup/providers/Microsoft.Network/networkInterfaces/checkers-nic",
            "internal_dns_name_label": "",
            "internal_domain_name_suffix": "mkcwxwmtxmtepnnfh4rrbm2ura.ax.internal.cloudapp.net",
            "ip_configuration": [
              {
                "gateway_load_balancer_frontend_ip_configuration_id": "",
                "name": "ipconfig",
                "primary": true,
                "private_ip_address": "10.0.2.4",
                "private_ip_address_allocation": "Dynamic",
                "private_ip_address_version": "IPv4",
                "public_ip_address_id": "/subscriptions/be7591e7-82ec-4cc6-ad39-0b4e9f730281/resourceGroups/simulation-setup/providers/Microsoft.Network/publicIPAddresses/checkers-ip",
                "subnet_id": "/subscriptions/be7591e7-82ec-4cc6-ad39-0b4e9f730281/resourceGroups/simulation-setup/providers/Microsoft.Network/virtualNetworks/simulation-network/subnets/internal"
              }
            ],
            "location": "westeurope",
            "mac_address": "",
            "name": "checkers-nic",
            "private_ip_address": "10.0.2.4",
            "private_ip_addresses": [
              "10.0.2.4"
            ],
            "resource_group_name": "simulation-setup",
            "tags": null,
            "timeouts": null,
            "virtual_machine_id": ""
          },
          "sensitive_attributes": [],
          "private": "eyJlMmJmYjczMC1lY2FhLTExZTYtOGY4OC0zNDM2M2JjN2M0YzAiOnsiY3JlYXRlIjoxODAwMDAwMDAwMDAwLCJkZWxldGUiOjE4MDAwMDAwMDAwMDAsInJlYWQiOjMwMDAwMDAwMDAwMCwidXBkYXRlIjoxODAwMDAwMDAwMDAwfX0=",
          "dependencies": [
            "azurerm_public_ip.vm_pip",
            "azurerm_resource_group.rg",
            "azurerm_subnet.snet",
            "azurerm_virtual_network.vnet"
          ]
        },
        {
          "index_key": "enoengine",
          "schema_version": 0,
          "attributes": {
            "applied_dns_servers": [],
            "dns_servers": [],
            "edge_zone": "",
            "enable_accelerated_networking": false,
            "enable_ip_forwarding": false,
            "id": "/subscriptions/be7591e7-82ec-4cc6-ad39-0b4e9f730281/resourceGroups/simulation-setup/providers/Microsoft.Network/networkInterfaces/enoengine-nic",
            "internal_dns_name_label": "",
            "internal_domain_name_suffix": "mkcwxwmtxmtepnnfh4rrbm2ura.ax.internal.cloudapp.net",
            "ip_configuration": [
              {
                "gateway_load_balancer_frontend_ip_configuration_id": "",
                "name": "ipconfig",
                "primary": true,
                "private_ip_address": "10.0.2.5",
                "private_ip_address_allocation": "Dynamic",
                "private_ip_address_version": "IPv4",
                "public_ip_address_id": "/subscriptions/be7591e7-82ec-4cc6-ad39-0b4e9f730281/resourceGroups/simulation-setup/providers/Microsoft.Network/publicIPAddresses/enoengine-ip",
                "subnet_id": "/subscriptions/be7591e7-82ec-4cc6-ad39-0b4e9f730281/resourceGroups/simulation-setup/providers/Microsoft.Network/virtualNetworks/simulation-network/subnets/internal"
              }
            ],
            "location": "westeurope",
            "mac_address": "",
            "name": "enoengine-nic",
            "private_ip_address": "10.0.2.5",
            "private_ip_addresses": [
              "10.0.2.5"
            ],
            "resource_group_name": "simulation-setup",
            "tags": null,
            "timeouts": null,
            "virtual_machine_id": ""
          },
          "sensitive_attributes": [],
          "private": "eyJlMmJmYjczMC1lY2FhLTExZTYtOGY4OC0zNDM2M2JjN2M0YzAiOnsiY3JlYXRlIjoxODAwMDAwMDAwMDAwLCJkZWxldGUiOjE4MDAwMDAwMDAwMDAsInJlYWQiOjMwMDAwMDAwMDAwMCwidXBkYXRlIjoxODAwMDAwMDAwMDAwfX0=",
          "dependencies": [
            "azurerm_public_ip.vm_pip",
            "azurerm_resource_group.rg",
            "azurerm_subnet.snet",
            "azurerm_virtual_network.vnet"
          ]
        },
        {
          "index_key": "vulnbox1",
          "schema_version": 0,
          "attributes": {
            "applied_dns_servers": [],
            "dns_servers": [],
            "edge_zone": "",
            "enable_accelerated_networking": false,
            "enable_ip_forwarding": false,
            "id": "/subscriptions/be7591e7-82ec-4cc6-ad39-0b4e9f730281/resourceGroups/simulation-setup/providers/Microsoft.Network/networkInterfaces/vulnbox1-nic",
            "internal_dns_name_label": "",
            "internal_domain_name_suffix": "mkcwxwmtxmtepnnfh4rrbm2ura.ax.internal.cloudapp.net",
            "ip_configuration": [
              {
                "gateway_load_balancer_frontend_ip_configuration_id": "",
                "name": "ipconfig",
                "primary": true,
                "private_ip_address": "10.0.2.6",
                "private_ip_address_allocation": "Dynamic",
                "private_ip_address_version": "IPv4",
                "public_ip_address_id": "/subscriptions/be7591e7-82ec-4cc6-ad39-0b4e9f730281/resourceGroups/simulation-setup/providers/Microsoft.Network/publicIPAddresses/vulnbox1-ip",
                "subnet_id": "/subscriptions/be7591e7-82ec-4cc6-ad39-0b4e9f730281/resourceGroups/simulation-setup/providers/Microsoft.Network/virtualNetworks/simulation-network/subnets/internal"
              }
            ],
            "location": "westeurope",
            "mac_address": "",
            "name": "vulnbox1-nic",
            "private_ip_address": "10.0.2.6",
            "private_ip_addresses": [
              "10.0.2.6"
            ],
            "resource_group_name": "simulation-setup",
            "tags": null,
            "timeouts": null,
            "virtual_machine_id": ""
          },
          "sensitive_attributes": [],
          "private": "eyJlMmJmYjczMC1lY2FhLTExZTYtOGY4OC0zNDM2M2JjN2M0YzAiOnsiY3JlYXRlIjoxODAwMDAwMDAwMDAwLCJkZWxldGUiOjE4MDAwMDAwMDAwMDAsInJlYWQiOjMwMDAwMDAwMDAwMCwidXBkYXRlIjoxODAwMDAwMDAwMDAwfX0=",
          "dependencies": [
            "azurerm_public_ip.vm_pip",
            "azurerm_resource_group.rg",
            "azurerm_subnet.snet",
            "azurerm_virtual_network.vnet"
          ]
        }
      ]
    },
    {
      "mode": "managed",
      "type": "azurerm_public_ip",
      "name": "vm_pip",
      "provider": "provider[\"registry.terraform.io/hashicorp/azurerm\"]",
      "instances": [
        {
          "index_key": "checkers",
          "schema_version": 0,
          "attributes": {
            "allocation_method": "Static",
            "ddos_protection_mode": "VirtualNetworkInherited",
            "ddos_protection_plan_id": null,
            "domain_name_label": null,
            "edge_zone": "",
            "fqdn": null,
            "id": "/subscriptions/be7591e7-82ec-4cc6-ad39-0b4e9f730281/resourceGroups/simulation-setup/providers/Microsoft.Network/publicIPAddresses/checkers-ip",
            "idle_timeout_in_minutes": 4,
            "ip_address": "104.47.148.95",
            "ip_tags": null,
            "ip_version": "IPv4",
            "location": "westeurope",
            "name": "checkers-ip",
            "public_ip_prefix_id": null,
            "resource_group_name": "simulation-setup",
            "reverse_fqdn": null,
            "sku": "Basic",
            "sku_tier": "Regional",
            "tags": null,
            "timeouts": null,
            "zones": null
          },
          "sensitive_attributes": [],
          "private": "eyJlMmJmYjczMC1lY2FhLTExZTYtOGY4OC0zNDM2M2JjN2M0YzAiOnsiY3JlYXRlIjoxODAwMDAwMDAwMDAwLCJkZWxldGUiOjE4MDAwMDAwMDAwMDAsInJlYWQiOjMwMDAwMDAwMDAwMCwidXBkYXRlIjoxODAwMDAwMDAwMDAwfX0=",
          "dependencies": [
            "azurerm_resource_group.rg"
          ]
        },
        {
          "index_key": "enoengine",
          "schema_version": 0,
          "attributes": {
            "allocation_method": "Static",
            "ddos_protection_mode": "VirtualNetworkInherited",
            "ddos_protection_plan_id": null,
            "domain_name_label": null,
            "edge_zone": "",
            "fqdn": null,
            "id": "/subscriptions/be7591e7-82ec-4cc6-ad39-0b4e9f730281/resourceGroups/simulation-setup/providers/Microsoft.Network/publicIPAddresses/enoengine-ip",
            "idle_timeout_in_minutes": 4,
            "ip_address": "104.47.148.40",
            "ip_tags": null,
            "ip_version": "IPv4",
            "location": "westeurope",
            "name": "enoengine-ip",
            "public_ip_prefix_id": null,
            "resource_group_name": "simulation-setup",
            "reverse_fqdn": null,
            "sku": "Basic",
            "sku_tier": "Regional",
            "tags": null,
            "timeouts": null,
            "zones": null
          },
          "sensitive_attributes": [],
          "private": "eyJlMmJmYjczMC1lY2FhLTExZTYtOGY4OC0zNDM2M2JjN2M0YzAiOnsiY3JlYXRlIjoxODAwMDAwMDAwMDAwLCJkZWxldGUiOjE4MDAwMDAwMDAwMDAsInJlYWQiOjMwMDAwMDAwMDAwMCwidXBkYXRlIjoxODAwMDAwMDAwMDAwfX0=",
          "dependencies": [
            "azurerm_resource_group.rg"
          ]
        },
        {
          "index_key": "vulnbox1",
          "schema_version": 0,
          "attributes": {
            "allocation_method": "Static",
            "ddos_protection_mode": "VirtualNetworkInherited",
            "ddos_protection_plan_id": null,
            "domain_name_label": null,
            "edge_zone": "",
            "fqdn": null,
            "id": "/subscriptions/be7591e7-82ec-4cc6-ad39-0b4e9f730281/resourceGroups/simulation-setup/providers/Microsoft.Network/publicIPAddresses/vulnbox1-ip",
            "idle_timeout_in_minutes": 4,
            "ip_address": "104.47.148.30",
            "ip_tags": null,
            "ip_version": "IPv4",
            "location": "westeurope",
            "name": "vulnbox1-ip",
            "public_ip_prefix_id": null,
            "resource_group_name": "simulation-setup",
            "reverse_fqdn": null,
            "sku": "Basic",
            "sku_tier": "Regional",
            "tags": null,
            "timeouts": null,
            "zones": null
          },
          "sensitive_attributes": [],
          "private": "eyJlMmJmYjczMC1lY2FhLTExZTYtOGY4OC0zNDM2M2JjN2M0YzAiOnsiY3JlYXRlIjoxODAwMDAwMDAwMDAwLCJkZWxldGUiOjE4MDAwMDAwMDAwMDAsInJlYWQiOjMwMDAwMDAwMDAwMCwidXBkYXRlIjoxODAwMDAwMDAwMDAwfX0=",
          "dependencies": [
            "azurerm_resource_group.rg"
          ]
        }
      ]
    },
    {
      "mode": "managed",
      "type": "azurerm_resource_group",
      "name": "rg",
      "provider": "provider[\"registry.terraform.io/hashicorp/azurerm\"]",
      "instances": [
        {
          "schema_version": 0,
          "attributes": {
            "id": "/subscriptions/be7591e7-82ec-4cc6-ad39-0b4e9f730281/resourceGroups/simulation-setup",
            "location": "westeurope",
            "managed_by": "",
            "name": "simulation-setup",
            "tags": null,
            "timeouts": null
          },
          "sensitive_attributes": [],
          "private": "eyJlMmJmYjczMC1lY2FhLTExZTYtOGY4OC0zNDM2M2JjN2M0YzAiOnsiY3JlYXRlIjo1NDAwMDAwMDAwMDAwLCJkZWxldGUiOjU0MDAwMDAwMDAwMDAsInJlYWQiOjMwMDAwMDAwMDAwMCwidXBkYXRlIjo1NDAwMDAwMDAwMDAwfX0="
        }
      ]
    },
    {
      "mode": "managed",
      "type": "azurerm_subnet",
      "name": "snet",
      "provider": "provider[\"registry.terraform.io/hashicorp/azurerm\"]",
      "instances": [
        {
          "schema_version": 0,
          "attributes": {
            "address_prefixes": [
              "10.0.2.0/24"
            ],
            "delegation": [],
            "enforce_private_link_endpoint_network_policies": false,
            "enforce_private_link_service_network_policies": false,
            "id": "/subscriptions/be7591e7-82ec-4cc6-ad39-0b4e9f730281/resourceGroups/simulation-setup/providers/Microsoft.Network/virtualNetworks/simulation-network/subnets/internal",
            "name": "internal",
            "private_endpoint_network_policies_enabled": true,
            "private_link_service_network_policies_enabled": true,
            "resource_group_name": "simulation-setup",
            "service_endpoint_policy_ids": null,
            "service_endpoints": null,
            "timeouts": null,
            "virtual_network_name": "simulation-network"
          },
          "sensitive_attributes": [],
          "private": "eyJlMmJmYjczMC1lY2FhLTExZTYtOGY4OC0zNDM2M2JjN2M0YzAiOnsiY3JlYXRlIjoxODAwMDAwMDAwMDAwLCJkZWxldGUiOjE4MDAwMDAwMDAwMDAsInJlYWQiOjMwMDAwMDAwMDAwMCwidXBkYXRlIjoxODAwMDAwMDAwMDAwfX0=",
          "dependencies": [
            "azurerm_resource_group.rg",
            "azurerm_virtual_network.vnet"
          ]
        }
      ]
    },
    {
      "mode": "managed",
      "type": "azurerm_virtual_network",
      "name": "vnet",
      "provider": "provider[\"registry.terraform.io/hashicorp/azurerm\"]",
      "instances": [
        {
          "schema_version": 0,
          "attributes": {
            "address_space": [
              "10.0.0.0/16"
            ],
            "bgp_community": "",
            "ddos_protection_plan": [],
            "dns_servers": [],
            "edge_zone": "",
            "encryption": [],
            "flow_timeout_in_minutes": 0,
            "guid": "d96b8562-bb93-4726-b5a5-3fa310b39488",
            "id": "/subscriptions/be7591e7-82ec-4cc6-ad39-0b4e9f730281/resourceGroups/simulation-setup/providers/Microsoft.Network/virtualNetworks/simulation-network",
            "location": "westeurope",
            "name": "simulation-network",
            "resource_group_name": "simulation-setup",
            "subnet": [],
            "tags": null,
            "timeouts": null
          },
          "sensitive_attributes": [],
          "private": "eyJlMmJmYjczMC1lY2FhLTExZTYtOGY4OC0zNDM2M2JjN2M0YzAiOnsiY3JlYXRlIjoxODAwMDAwMDAwMDAwLCJkZWxldGUiOjE4MDAwMDAwMDAwMDAsInJlYWQiOjMwMDAwMDAwMDAwMCwidXBkYXRlIjoxODAwMDAwMDAwMDAwfX0=",
          "dependencies": [
            "azurerm_resource_group.rg"
          ]
        }
      ]
    }
  ],
  "check_results": null
}
