{
  "version": 4,
  "terraform_version": "1.5.6",
  "serial": 13,
  "lineage": "da1914c7-30eb-8d4c-3dd4-59e9c330cd78",
  "outputs": {},
  "resources": [
    {
      "mode": "managed",
      "type": "azurerm_linux_virtual_machine",
      "name": "vm",
      "provider": "provider[\"registry.terraform.io/hashicorp/azurerm\"]",
      "instances": [
        {
          "index_key": "checkers",
          "schema_version": 0,
          "attributes": {
            "additional_capabilities": [],
            "admin_password": "checkers1Password",
            "admin_ssh_key": [
              {
                "public_key": "ssh-rsa AAAAB3NzaC1yc2EAAAADAQABAAABgQC2QX/hFbBHcajLKHzb0KpFh93dNsvYqszePDDPjlbn+KBO+OzdKeDmq43W8bs+vxLBhRb7TaBY+9fgxBIoytNDLm8qGeOhW5v+/RICNfmQvTJAtjyF0q15re87V43FG5sJfzkhmzrOV76U0JidwpKQ35kgoItLIqtZPwXrpHXRgmIebi72jHeuS354a1uQtr6VYWFvyQOlnXEkNPQL4+9G7CnwhtgrtvXOCqOHHOwcZFo9svUyVdGWdA1RmOH7mxFM3YIYjpCjWYU1WKILoN6cK6TX09d9/dLTlsH8CEP4X+bmajzclG2pWd3inqVIPPsnvEkxUYkoSdWBoxSTAsNRUFHeHg4UrluISVcHvswktwok4lzNIKBYLXtARiLZDGtyBGQAsXunbjViNI9zxjZMGMr+eDTG5HDzTczxHngCGBDp4+/Gw1+0+jkcOSS9xzSa3KsdjRaW232AglkLwMdkkYu5yAMCQaLGhwCKEQgOBijkQqF0MWpcFbTLynkqCtU= janni@Terminator\r\n",
                "username": "adminuser"
              }
            ],
            "admin_username": "adminuser",
            "allow_extension_operations": true,
            "availability_set_id": "",
            "boot_diagnostics": [],
            "bypass_platform_safety_checks_on_user_schedule_enabled": false,
            "capacity_reservation_group_id": "",
            "computer_name": "checkers",
            "custom_data": null,
            "dedicated_host_group_id": "",
            "dedicated_host_id": "",
            "disable_password_authentication": true,
            "edge_zone": "",
            "encryption_at_host_enabled": false,
            "eviction_policy": "",
            "extensions_time_budget": "PT1H30M",
            "gallery_application": [],
            "id": "/subscriptions/be7591e7-82ec-4cc6-ad39-0b4e9f730281/resourceGroups/simulation-setup/providers/Microsoft.Compute/virtualMachines/checkers",
            "identity": [],
            "license_type": "",
            "location": "westeurope",
            "max_bid_price": -1,
            "name": "checkers",
            "network_interface_ids": [
              "/subscriptions/be7591e7-82ec-4cc6-ad39-0b4e9f730281/resourceGroups/simulation-setup/providers/Microsoft.Network/networkInterfaces/checkers-nic"
            ],
            "os_disk": [
              {
                "caching": "ReadWrite",
                "diff_disk_settings": [],
                "disk_encryption_set_id": "",
                "disk_size_gb": 30,
                "name": "checkers_OsDisk_1_cf9510928f8a4801b539868fd62ece63",
                "secure_vm_disk_encryption_set_id": "",
                "security_encryption_type": "",
                "storage_account_type": "Standard_LRS",
                "write_accelerator_enabled": false
              }
            ],
            "patch_assessment_mode": "ImageDefault",
            "patch_mode": "ImageDefault",
            "plan": [],
            "platform_fault_domain": -1,
            "priority": "Regular",
            "private_ip_address": "10.0.2.4",
            "private_ip_addresses": [
              "10.0.2.4"
            ],
            "provision_vm_agent": true,
            "proximity_placement_group_id": "",
            "public_ip_address": "168.63.99.236",
            "public_ip_addresses": [
              "168.63.99.236"
            ],
            "reboot_setting": "",
            "resource_group_name": "simulation-setup",
            "secret": [],
            "secure_boot_enabled": false,
            "size": "Standard_A1_v2",
            "source_image_id": "",
            "source_image_reference": [
              {
                "offer": "UbuntuServer",
                "publisher": "Canonical",
                "sku": "18.04-LTS",
                "version": "latest"
              }
            ],
            "tags": null,
            "termination_notification": null,
            "timeouts": null,
            "user_data": "IyEgL3Vzci9iaW4vZW52IGJhc2gNCg0KZWNobyAiQ2xvbmluZyBDVkV4Y2hhbmdlLi4uIg0KZ2l0IGNsb25lICJodHRwczovL2dpdGh1Yi5jb20vZW5vd2Fycy9lbm93YXJzNy1zZXJ2aWNlLUNWRXhjaGFuZ2UuZ2l0Ig0KDQptdiBlbm93YXJzNy1zZXJ2aWNlLUNWRXhjaGFuZ2UvY2hlY2tlciAuDQpybSAtcmYgZW5vd2Fyczctc2VydmljZS1DVkV4Y2hhbmdlDQpjZCBjaGVja2VyDQoNCmVjaG8gIlN0YXJ0aW5nIENWRXhjaGFuZ2UtY2hlY2tlci4uLiINCmRvY2tlciBjb21wb3NlIHVwIC0tYnVpbGQgLS1mb3JjZS1yZWNyZWF0ZSAtZA0KY2QgLi4NCmVjaG8gIkNsb25pbmcgYm9sbHdlcmsuLi4iDQpnaXQgY2xvbmUgImh0dHBzOi8vZ2l0aHViLmNvbS9lbm93YXJzL2Vub3dhcnM3LXNlcnZpY2UtYm9sbHdlcmsuZ2l0Ig0KDQptdiBlbm93YXJzNy1zZXJ2aWNlLWJvbGx3ZXJrL2NoZWNrZXIgLg0Kcm0gLXJmIGVub3dhcnM3LXNlcnZpY2UtYm9sbHdlcmsNCmNkIGNoZWNrZXINCg0KZWNobyAiU3RhcnRpbmcgYm9sbHdlcmstY2hlY2tlci4uLiINCmRvY2tlciBjb21wb3NlIHVwIC0tYnVpbGQgLS1mb3JjZS1yZWNyZWF0ZSAtZA0KY2QgLi4NCmVjaG8gIkNsb25pbmcgZXhwZW5zZXMuLi4iDQpnaXQgY2xvbmUgImh0dHBzOi8vZ2l0aHViLmNvbS9lbm93YXJzL2Vub3dhcnM3LXNlcnZpY2UtZXhwZW5zZXMuZ2l0Ig0KDQptdiBlbm93YXJzNy1zZXJ2aWNlLWV4cGVuc2VzL2NoZWNrZXIgLg0Kcm0gLXJmIGVub3dhcnM3LXNlcnZpY2UtZXhwZW5zZXMNCmNkIGNoZWNrZXINCg0KZWNobyAiU3RhcnRpbmcgZXhwZW5zZXMtY2hlY2tlci4uLiINCmRvY2tlciBjb21wb3NlIHVwIC0tYnVpbGQgLS1mb3JjZS1yZWNyZWF0ZSAtZA0KY2QgLi4NCg==",
            "virtual_machine_id": "6d26231a-7208-4473-ae79-46c298be8fd7",
            "virtual_machine_scale_set_id": "",
            "vtpm_enabled": false,
            "zone": ""
          },
          "sensitive_attributes": [],
          "private": "eyJlMmJmYjczMC1lY2FhLTExZTYtOGY4OC0zNDM2M2JjN2M0YzAiOnsiY3JlYXRlIjoyNzAwMDAwMDAwMDAwLCJkZWxldGUiOjI3MDAwMDAwMDAwMDAsInJlYWQiOjMwMDAwMDAwMDAwMCwidXBkYXRlIjoyNzAwMDAwMDAwMDAwfX0=",
          "dependencies": [
            "azurerm_network_interface.vm_nic",
            "azurerm_public_ip.vm_pip",
            "azurerm_resource_group.rg",
            "azurerm_subnet.snet",
            "azurerm_virtual_network.vnet"
          ]
        },
        {
          "index_key": "enoengine",
          "schema_version": 0,
          "attributes": {
            "additional_capabilities": [],
            "admin_password": "enoengine1Password",
            "admin_ssh_key": [
              {
                "public_key": "ssh-rsa AAAAB3NzaC1yc2EAAAADAQABAAABgQC2QX/hFbBHcajLKHzb0KpFh93dNsvYqszePDDPjlbn+KBO+OzdKeDmq43W8bs+vxLBhRb7TaBY+9fgxBIoytNDLm8qGeOhW5v+/RICNfmQvTJAtjyF0q15re87V43FG5sJfzkhmzrOV76U0JidwpKQ35kgoItLIqtZPwXrpHXRgmIebi72jHeuS354a1uQtr6VYWFvyQOlnXEkNPQL4+9G7CnwhtgrtvXOCqOHHOwcZFo9svUyVdGWdA1RmOH7mxFM3YIYjpCjWYU1WKILoN6cK6TX09d9/dLTlsH8CEP4X+bmajzclG2pWd3inqVIPPsnvEkxUYkoSdWBoxSTAsNRUFHeHg4UrluISVcHvswktwok4lzNIKBYLXtARiLZDGtyBGQAsXunbjViNI9zxjZMGMr+eDTG5HDzTczxHngCGBDp4+/Gw1+0+jkcOSS9xzSa3KsdjRaW232AglkLwMdkkYu5yAMCQaLGhwCKEQgOBijkQqF0MWpcFbTLynkqCtU= janni@Terminator\r\n",
                "username": "adminuser"
              }
            ],
            "admin_username": "adminuser",
            "allow_extension_operations": true,
            "availability_set_id": "",
            "boot_diagnostics": [],
            "bypass_platform_safety_checks_on_user_schedule_enabled": false,
            "capacity_reservation_group_id": "",
            "computer_name": "enoengine",
            "custom_data": null,
            "dedicated_host_group_id": "",
            "dedicated_host_id": "",
            "disable_password_authentication": true,
            "edge_zone": "",
            "encryption_at_host_enabled": false,
            "eviction_policy": "",
            "extensions_time_budget": "PT1H30M",
            "gallery_application": [],
            "id": "/subscriptions/be7591e7-82ec-4cc6-ad39-0b4e9f730281/resourceGroups/simulation-setup/providers/Microsoft.Compute/virtualMachines/enoengine",
            "identity": [],
            "license_type": "",
            "location": "westeurope",
            "max_bid_price": -1,
            "name": "enoengine",
            "network_interface_ids": [
              "/subscriptions/be7591e7-82ec-4cc6-ad39-0b4e9f730281/resourceGroups/simulation-setup/providers/Microsoft.Network/networkInterfaces/enoengine-nic"
            ],
            "os_disk": [
              {
                "caching": "ReadWrite",
                "diff_disk_settings": [],
                "disk_encryption_set_id": "",
                "disk_size_gb": 30,
                "name": "enoengine_OsDisk_1_86de4ab44552441eba2f86469f1e5ff8",
                "secure_vm_disk_encryption_set_id": "",
                "security_encryption_type": "",
                "storage_account_type": "Standard_LRS",
                "write_accelerator_enabled": false
              }
            ],
            "patch_assessment_mode": "ImageDefault",
            "patch_mode": "ImageDefault",
            "plan": [],
            "platform_fault_domain": -1,
            "priority": "Regular",
            "private_ip_address": "10.0.2.6",
            "private_ip_addresses": [
              "10.0.2.6"
            ],
            "provision_vm_agent": true,
            "proximity_placement_group_id": "",
            "public_ip_address": "168.63.101.3",
            "public_ip_addresses": [
              "168.63.101.3"
            ],
            "reboot_setting": "",
            "resource_group_name": "simulation-setup",
            "secret": [],
            "secure_boot_enabled": false,
            "size": "Standard_A1_v2",
            "source_image_id": "",
            "source_image_reference": [
              {
                "offer": "UbuntuServer",
                "publisher": "Canonical",
                "sku": "18.04-LTS",
                "version": "latest"
              }
            ],
            "tags": null,
            "termination_notification": null,
            "timeouts": null,
            "user_data": "IyEgL3Vzci9iaW4vZW52IGJhc2gNCg0KZ2l0IGNsb25lICJodHRwczovL2dpdGh1Yi5jb20vZW5vd2Fycy9Fbm9FbmdpbmUuZ2l0Ig0KZG9ja2VyLWNvbXBvc2UgdXAgLWQNCmRvdG5ldCBydW4gLS1wcm9qZWN0IEVub0NvbmZpZyBhcHBseQ0KZG90bmV0IHJ1biAtYyBSZWxlYXNlIC0tcHJvamVjdCBFbm9MYXVuY2hlcg0KZG90bmV0IHJ1biAtYyBSZWxlYXNlIC0tcHJvamVjdCBFbm9GbGFnU2luaw0KZG90bmV0IHJ1biAtYyBSZWxlYXNlIC0tcHJvamVjdCBFbm9FbmdpbmU=",
            "virtual_machine_id": "6792d447-5856-4afb-bfe3-f18437bf6168",
            "virtual_machine_scale_set_id": "",
            "vtpm_enabled": false,
            "zone": ""
          },
          "sensitive_attributes": [],
          "private": "eyJlMmJmYjczMC1lY2FhLTExZTYtOGY4OC0zNDM2M2JjN2M0YzAiOnsiY3JlYXRlIjoyNzAwMDAwMDAwMDAwLCJkZWxldGUiOjI3MDAwMDAwMDAwMDAsInJlYWQiOjMwMDAwMDAwMDAwMCwidXBkYXRlIjoyNzAwMDAwMDAwMDAwfX0=",
          "dependencies": [
            "azurerm_network_interface.vm_nic",
            "azurerm_public_ip.vm_pip",
            "azurerm_resource_group.rg",
            "azurerm_subnet.snet",
            "azurerm_virtual_network.vnet"
          ]
        },
        {
          "index_key": "vulnbox1",
          "schema_version": 0,
          "attributes": {
            "additional_capabilities": [],
            "admin_password": "vulnbox1Password",
            "admin_ssh_key": [
              {
                "public_key": "ssh-rsa AAAAB3NzaC1yc2EAAAADAQABAAABgQC2QX/hFbBHcajLKHzb0KpFh93dNsvYqszePDDPjlbn+KBO+OzdKeDmq43W8bs+vxLBhRb7TaBY+9fgxBIoytNDLm8qGeOhW5v+/RICNfmQvTJAtjyF0q15re87V43FG5sJfzkhmzrOV76U0JidwpKQ35kgoItLIqtZPwXrpHXRgmIebi72jHeuS354a1uQtr6VYWFvyQOlnXEkNPQL4+9G7CnwhtgrtvXOCqOHHOwcZFo9svUyVdGWdA1RmOH7mxFM3YIYjpCjWYU1WKILoN6cK6TX09d9/dLTlsH8CEP4X+bmajzclG2pWd3inqVIPPsnvEkxUYkoSdWBoxSTAsNRUFHeHg4UrluISVcHvswktwok4lzNIKBYLXtARiLZDGtyBGQAsXunbjViNI9zxjZMGMr+eDTG5HDzTczxHngCGBDp4+/Gw1+0+jkcOSS9xzSa3KsdjRaW232AglkLwMdkkYu5yAMCQaLGhwCKEQgOBijkQqF0MWpcFbTLynkqCtU= janni@Terminator\r\n",
                "username": "adminuser"
              }
            ],
            "admin_username": "adminuser",
            "allow_extension_operations": true,
            "availability_set_id": "",
            "boot_diagnostics": [],
            "bypass_platform_safety_checks_on_user_schedule_enabled": false,
            "capacity_reservation_group_id": "",
            "computer_name": "vulnbox1",
            "custom_data": null,
            "dedicated_host_group_id": "",
            "dedicated_host_id": "",
            "disable_password_authentication": true,
            "edge_zone": "",
            "encryption_at_host_enabled": false,
            "eviction_policy": "",
            "extensions_time_budget": "PT1H30M",
            "gallery_application": [],
            "id": "/subscriptions/be7591e7-82ec-4cc6-ad39-0b4e9f730281/resourceGroups/simulation-setup/providers/Microsoft.Compute/virtualMachines/vulnbox1",
            "identity": [],
            "license_type": "",
            "location": "westeurope",
            "max_bid_price": -1,
            "name": "vulnbox1",
            "network_interface_ids": [
              "/subscriptions/be7591e7-82ec-4cc6-ad39-0b4e9f730281/resourceGroups/simulation-setup/providers/Microsoft.Network/networkInterfaces/vulnbox1-nic"
            ],
            "os_disk": [
              {
                "caching": "ReadWrite",
                "diff_disk_settings": [],
                "disk_encryption_set_id": "",
                "disk_size_gb": 30,
                "name": "vulnbox1_OsDisk_1_08f8625957534ba185baea37d1152393",
                "secure_vm_disk_encryption_set_id": "",
                "security_encryption_type": "",
                "storage_account_type": "Standard_LRS",
                "write_accelerator_enabled": false
              }
            ],
            "patch_assessment_mode": "ImageDefault",
            "patch_mode": "ImageDefault",
            "plan": [],
            "platform_fault_domain": -1,
            "priority": "Regular",
            "private_ip_address": "10.0.2.5",
            "private_ip_addresses": [
              "10.0.2.5"
            ],
            "provision_vm_agent": true,
            "proximity_placement_group_id": "",
            "public_ip_address": "168.63.99.229",
            "public_ip_addresses": [
              "168.63.99.229"
            ],
            "reboot_setting": "",
            "resource_group_name": "simulation-setup",
            "secret": [],
            "secure_boot_enabled": false,
            "size": "Standard_A1_v2",
            "source_image_id": "",
            "source_image_reference": [
              {
                "offer": "UbuntuServer",
                "publisher": "Canonical",
                "sku": "18.04-LTS",
                "version": "latest"
              }
            ],
            "tags": null,
            "termination_notification": null,
            "timeouts": null,
            "user_data": "IyEgL3Vzci9iaW4vZW52IGJhc2gKCmVjaG8gIkNsb25pbmcgQ1ZFeGNoYW5nZS4uLiIKZ2l0IGNsb25lICJodHRwczovL2dpdGh1Yi5jb20vZW5vd2Fycy9lbm93YXJzNy1zZXJ2aWNlLUNWRXhjaGFuZ2UuZ2l0IgoKbXYgZW5vd2Fyczctc2VydmljZS1DVkV4Y2hhbmdlL3NlcnZpY2UgLgpybSAtcmYgZW5vd2Fyczctc2VydmljZS1DVkV4Y2hhbmdlCmNkIHNlcnZpY2UKCmVjaG8gIlN0YXJ0aW5nIENWRXhjaGFuZ2UuLi4iCmRvY2tlciBjb21wb3NlIHVwIC0tYnVpbGQgLS1mb3JjZS1yZWNyZWF0ZSAtZApjZCAuLgplY2hvICJDbG9uaW5nIGJvbGx3ZXJrLi4uIgpnaXQgY2xvbmUgImh0dHBzOi8vZ2l0aHViLmNvbS9lbm93YXJzL2Vub3dhcnM3LXNlcnZpY2UtYm9sbHdlcmsuZ2l0IgoKbXYgZW5vd2Fyczctc2VydmljZS1ib2xsd2Vyay9zZXJ2aWNlIC4Kcm0gLXJmIGVub3dhcnM3LXNlcnZpY2UtYm9sbHdlcmsKY2Qgc2VydmljZQoKZWNobyAiU3RhcnRpbmcgYm9sbHdlcmsuLi4iCmRvY2tlciBjb21wb3NlIHVwIC0tYnVpbGQgLS1mb3JjZS1yZWNyZWF0ZSAtZApjZCAuLgplY2hvICJDbG9uaW5nIGV4cGVuc2VzLi4uIgpnaXQgY2xvbmUgImh0dHBzOi8vZ2l0aHViLmNvbS9lbm93YXJzL2Vub3dhcnM3LXNlcnZpY2UtZXhwZW5zZXMuZ2l0IgoKbXYgZW5vd2Fyczctc2VydmljZS1leHBlbnNlcy9zZXJ2aWNlIC4Kcm0gLXJmIGVub3dhcnM3LXNlcnZpY2UtZXhwZW5zZXMKY2Qgc2VydmljZQoKZWNobyAiU3RhcnRpbmcgZXhwZW5zZXMuLi4iCmRvY2tlciBjb21wb3NlIHVwIC0tYnVpbGQgLS1mb3JjZS1yZWNyZWF0ZSAtZApjZCAuLgo=",
            "virtual_machine_id": "d1ede4bd-8ac7-49cf-8c11-b0edd70e1b4a",
            "virtual_machine_scale_set_id": "",
            "vtpm_enabled": false,
            "zone": ""
          },
          "sensitive_attributes": [],
          "private": "eyJlMmJmYjczMC1lY2FhLTExZTYtOGY4OC0zNDM2M2JjN2M0YzAiOnsiY3JlYXRlIjoyNzAwMDAwMDAwMDAwLCJkZWxldGUiOjI3MDAwMDAwMDAwMDAsInJlYWQiOjMwMDAwMDAwMDAwMCwidXBkYXRlIjoyNzAwMDAwMDAwMDAwfX0=",
          "dependencies": [
            "azurerm_network_interface.vm_nic",
            "azurerm_public_ip.vm_pip",
            "azurerm_resource_group.rg",
            "azurerm_subnet.snet",
            "azurerm_virtual_network.vnet"
          ]
        }
      ]
    },
    {
      "mode": "managed",
      "type": "azurerm_network_interface",
      "name": "vm_nic",
      "provider": "provider[\"registry.terraform.io/hashicorp/azurerm\"]",
      "instances": [
        {
          "index_key": "checkers",
          "schema_version": 0,
          "attributes": {
            "applied_dns_servers": [],
            "dns_servers": [],
            "edge_zone": "",
            "enable_accelerated_networking": false,
            "enable_ip_forwarding": false,
            "id": "/subscriptions/be7591e7-82ec-4cc6-ad39-0b4e9f730281/resourceGroups/simulation-setup/providers/Microsoft.Network/networkInterfaces/checkers-nic",
            "internal_dns_name_label": "",
            "internal_domain_name_suffix": "bdeoql5duqgufb2kgvddou4t0a.ax.internal.cloudapp.net",
            "ip_configuration": [
              {
                "gateway_load_balancer_frontend_ip_configuration_id": "",
                "name": "ipconfig",
                "primary": true,
                "private_ip_address": "10.0.2.4",
                "private_ip_address_allocation": "Dynamic",
                "private_ip_address_version": "IPv4",
                "public_ip_address_id": "/subscriptions/be7591e7-82ec-4cc6-ad39-0b4e9f730281/resourceGroups/simulation-setup/providers/Microsoft.Network/publicIPAddresses/checkers-ip",
                "subnet_id": "/subscriptions/be7591e7-82ec-4cc6-ad39-0b4e9f730281/resourceGroups/simulation-setup/providers/Microsoft.Network/virtualNetworks/simulation-network/subnets/internal"
              }
            ],
            "location": "westeurope",
            "mac_address": "",
            "name": "checkers-nic",
            "private_ip_address": "10.0.2.4",
            "private_ip_addresses": [
              "10.0.2.4"
            ],
            "resource_group_name": "simulation-setup",
            "tags": null,
            "timeouts": null,
            "virtual_machine_id": ""
          },
          "sensitive_attributes": [],
          "private": "eyJlMmJmYjczMC1lY2FhLTExZTYtOGY4OC0zNDM2M2JjN2M0YzAiOnsiY3JlYXRlIjoxODAwMDAwMDAwMDAwLCJkZWxldGUiOjE4MDAwMDAwMDAwMDAsInJlYWQiOjMwMDAwMDAwMDAwMCwidXBkYXRlIjoxODAwMDAwMDAwMDAwfX0=",
          "dependencies": [
            "azurerm_public_ip.vm_pip",
            "azurerm_resource_group.rg",
            "azurerm_subnet.snet",
            "azurerm_virtual_network.vnet"
          ]
        },
        {
          "index_key": "enoengine",
          "schema_version": 0,
          "attributes": {
            "applied_dns_servers": [],
            "dns_servers": [],
            "edge_zone": "",
            "enable_accelerated_networking": false,
            "enable_ip_forwarding": false,
            "id": "/subscriptions/be7591e7-82ec-4cc6-ad39-0b4e9f730281/resourceGroups/simulation-setup/providers/Microsoft.Network/networkInterfaces/enoengine-nic",
            "internal_dns_name_label": "",
            "internal_domain_name_suffix": "bdeoql5duqgufb2kgvddou4t0a.ax.internal.cloudapp.net",
            "ip_configuration": [
              {
                "gateway_load_balancer_frontend_ip_configuration_id": "",
                "name": "ipconfig",
                "primary": true,
                "private_ip_address": "10.0.2.6",
                "private_ip_address_allocation": "Dynamic",
                "private_ip_address_version": "IPv4",
                "public_ip_address_id": "/subscriptions/be7591e7-82ec-4cc6-ad39-0b4e9f730281/resourceGroups/simulation-setup/providers/Microsoft.Network/publicIPAddresses/enoengine-ip",
                "subnet_id": "/subscriptions/be7591e7-82ec-4cc6-ad39-0b4e9f730281/resourceGroups/simulation-setup/providers/Microsoft.Network/virtualNetworks/simulation-network/subnets/internal"
              }
            ],
            "location": "westeurope",
            "mac_address": "",
            "name": "enoengine-nic",
            "private_ip_address": "10.0.2.6",
            "private_ip_addresses": [
              "10.0.2.6"
            ],
            "resource_group_name": "simulation-setup",
            "tags": null,
            "timeouts": null,
            "virtual_machine_id": ""
          },
          "sensitive_attributes": [],
          "private": "eyJlMmJmYjczMC1lY2FhLTExZTYtOGY4OC0zNDM2M2JjN2M0YzAiOnsiY3JlYXRlIjoxODAwMDAwMDAwMDAwLCJkZWxldGUiOjE4MDAwMDAwMDAwMDAsInJlYWQiOjMwMDAwMDAwMDAwMCwidXBkYXRlIjoxODAwMDAwMDAwMDAwfX0=",
          "dependencies": [
            "azurerm_public_ip.vm_pip",
            "azurerm_resource_group.rg",
            "azurerm_subnet.snet",
            "azurerm_virtual_network.vnet"
          ]
        },
        {
          "index_key": "vulnbox1",
          "schema_version": 0,
          "attributes": {
            "applied_dns_servers": [],
            "dns_servers": [],
            "edge_zone": "",
            "enable_accelerated_networking": false,
            "enable_ip_forwarding": false,
            "id": "/subscriptions/be7591e7-82ec-4cc6-ad39-0b4e9f730281/resourceGroups/simulation-setup/providers/Microsoft.Network/networkInterfaces/vulnbox1-nic",
            "internal_dns_name_label": "",
            "internal_domain_name_suffix": "bdeoql5duqgufb2kgvddou4t0a.ax.internal.cloudapp.net",
            "ip_configuration": [
              {
                "gateway_load_balancer_frontend_ip_configuration_id": "",
                "name": "ipconfig",
                "primary": true,
                "private_ip_address": "10.0.2.5",
                "private_ip_address_allocation": "Dynamic",
                "private_ip_address_version": "IPv4",
                "public_ip_address_id": "/subscriptions/be7591e7-82ec-4cc6-ad39-0b4e9f730281/resourceGroups/simulation-setup/providers/Microsoft.Network/publicIPAddresses/vulnbox1-ip",
                "subnet_id": "/subscriptions/be7591e7-82ec-4cc6-ad39-0b4e9f730281/resourceGroups/simulation-setup/providers/Microsoft.Network/virtualNetworks/simulation-network/subnets/internal"
              }
            ],
            "location": "westeurope",
            "mac_address": "",
            "name": "vulnbox1-nic",
            "private_ip_address": "10.0.2.5",
            "private_ip_addresses": [
              "10.0.2.5"
            ],
            "resource_group_name": "simulation-setup",
            "tags": null,
            "timeouts": null,
            "virtual_machine_id": ""
          },
          "sensitive_attributes": [],
          "private": "eyJlMmJmYjczMC1lY2FhLTExZTYtOGY4OC0zNDM2M2JjN2M0YzAiOnsiY3JlYXRlIjoxODAwMDAwMDAwMDAwLCJkZWxldGUiOjE4MDAwMDAwMDAwMDAsInJlYWQiOjMwMDAwMDAwMDAwMCwidXBkYXRlIjoxODAwMDAwMDAwMDAwfX0=",
          "dependencies": [
            "azurerm_public_ip.vm_pip",
            "azurerm_resource_group.rg",
            "azurerm_subnet.snet",
            "azurerm_virtual_network.vnet"
          ]
        }
      ]
    },
    {
      "mode": "managed",
      "type": "azurerm_public_ip",
      "name": "vm_pip",
      "provider": "provider[\"registry.terraform.io/hashicorp/azurerm\"]",
      "instances": [
        {
          "index_key": "checkers",
          "schema_version": 0,
          "attributes": {
            "allocation_method": "Static",
            "ddos_protection_mode": "VirtualNetworkInherited",
            "ddos_protection_plan_id": null,
            "domain_name_label": null,
            "edge_zone": "",
            "fqdn": null,
            "id": "/subscriptions/be7591e7-82ec-4cc6-ad39-0b4e9f730281/resourceGroups/simulation-setup/providers/Microsoft.Network/publicIPAddresses/checkers-ip",
            "idle_timeout_in_minutes": 4,
            "ip_address": "168.63.99.236",
            "ip_tags": null,
            "ip_version": "IPv4",
            "location": "westeurope",
            "name": "checkers-ip",
            "public_ip_prefix_id": null,
            "resource_group_name": "simulation-setup",
            "reverse_fqdn": null,
            "sku": "Basic",
            "sku_tier": "Regional",
            "tags": null,
            "timeouts": null,
            "zones": null
          },
          "sensitive_attributes": [],
          "private": "eyJlMmJmYjczMC1lY2FhLTExZTYtOGY4OC0zNDM2M2JjN2M0YzAiOnsiY3JlYXRlIjoxODAwMDAwMDAwMDAwLCJkZWxldGUiOjE4MDAwMDAwMDAwMDAsInJlYWQiOjMwMDAwMDAwMDAwMCwidXBkYXRlIjoxODAwMDAwMDAwMDAwfX0=",
          "dependencies": [
            "azurerm_resource_group.rg"
          ]
        },
        {
          "index_key": "enoengine",
          "schema_version": 0,
          "attributes": {
            "allocation_method": "Static",
            "ddos_protection_mode": "VirtualNetworkInherited",
            "ddos_protection_plan_id": null,
            "domain_name_label": null,
            "edge_zone": "",
            "fqdn": null,
            "id": "/subscriptions/be7591e7-82ec-4cc6-ad39-0b4e9f730281/resourceGroups/simulation-setup/providers/Microsoft.Network/publicIPAddresses/enoengine-ip",
            "idle_timeout_in_minutes": 4,
            "ip_address": "168.63.101.3",
            "ip_tags": null,
            "ip_version": "IPv4",
            "location": "westeurope",
            "name": "enoengine-ip",
            "public_ip_prefix_id": null,
            "resource_group_name": "simulation-setup",
            "reverse_fqdn": null,
            "sku": "Basic",
            "sku_tier": "Regional",
            "tags": null,
            "timeouts": null,
            "zones": null
          },
          "sensitive_attributes": [],
          "private": "eyJlMmJmYjczMC1lY2FhLTExZTYtOGY4OC0zNDM2M2JjN2M0YzAiOnsiY3JlYXRlIjoxODAwMDAwMDAwMDAwLCJkZWxldGUiOjE4MDAwMDAwMDAwMDAsInJlYWQiOjMwMDAwMDAwMDAwMCwidXBkYXRlIjoxODAwMDAwMDAwMDAwfX0=",
          "dependencies": [
            "azurerm_resource_group.rg"
          ]
        },
        {
          "index_key": "vulnbox1",
          "schema_version": 0,
          "attributes": {
            "allocation_method": "Static",
            "ddos_protection_mode": "VirtualNetworkInherited",
            "ddos_protection_plan_id": null,
            "domain_name_label": null,
            "edge_zone": "",
            "fqdn": null,
            "id": "/subscriptions/be7591e7-82ec-4cc6-ad39-0b4e9f730281/resourceGroups/simulation-setup/providers/Microsoft.Network/publicIPAddresses/vulnbox1-ip",
            "idle_timeout_in_minutes": 4,
            "ip_address": "168.63.99.229",
            "ip_tags": null,
            "ip_version": "IPv4",
            "location": "westeurope",
            "name": "vulnbox1-ip",
            "public_ip_prefix_id": null,
            "resource_group_name": "simulation-setup",
            "reverse_fqdn": null,
            "sku": "Basic",
            "sku_tier": "Regional",
            "tags": null,
            "timeouts": null,
            "zones": null
          },
          "sensitive_attributes": [],
          "private": "eyJlMmJmYjczMC1lY2FhLTExZTYtOGY4OC0zNDM2M2JjN2M0YzAiOnsiY3JlYXRlIjoxODAwMDAwMDAwMDAwLCJkZWxldGUiOjE4MDAwMDAwMDAwMDAsInJlYWQiOjMwMDAwMDAwMDAwMCwidXBkYXRlIjoxODAwMDAwMDAwMDAwfX0=",
          "dependencies": [
            "azurerm_resource_group.rg"
          ]
        }
      ]
    },
    {
      "mode": "managed",
      "type": "azurerm_resource_group",
      "name": "rg",
      "provider": "provider[\"registry.terraform.io/hashicorp/azurerm\"]",
      "instances": [
        {
          "schema_version": 0,
          "attributes": {
            "id": "/subscriptions/be7591e7-82ec-4cc6-ad39-0b4e9f730281/resourceGroups/simulation-setup",
            "location": "westeurope",
            "managed_by": "",
            "name": "simulation-setup",
            "tags": null,
            "timeouts": null
          },
          "sensitive_attributes": [],
          "private": "eyJlMmJmYjczMC1lY2FhLTExZTYtOGY4OC0zNDM2M2JjN2M0YzAiOnsiY3JlYXRlIjo1NDAwMDAwMDAwMDAwLCJkZWxldGUiOjU0MDAwMDAwMDAwMDAsInJlYWQiOjMwMDAwMDAwMDAwMCwidXBkYXRlIjo1NDAwMDAwMDAwMDAwfX0="
        }
      ]
    },
    {
      "mode": "managed",
      "type": "azurerm_subnet",
      "name": "snet",
      "provider": "provider[\"registry.terraform.io/hashicorp/azurerm\"]",
      "instances": [
        {
          "schema_version": 0,
          "attributes": {
            "address_prefixes": [
              "10.0.2.0/24"
            ],
            "delegation": [],
            "enforce_private_link_endpoint_network_policies": false,
            "enforce_private_link_service_network_policies": false,
            "id": "/subscriptions/be7591e7-82ec-4cc6-ad39-0b4e9f730281/resourceGroups/simulation-setup/providers/Microsoft.Network/virtualNetworks/simulation-network/subnets/internal",
            "name": "internal",
            "private_endpoint_network_policies_enabled": true,
            "private_link_service_network_policies_enabled": true,
            "resource_group_name": "simulation-setup",
            "service_endpoint_policy_ids": null,
            "service_endpoints": null,
            "timeouts": null,
            "virtual_network_name": "simulation-network"
          },
          "sensitive_attributes": [],
          "private": "eyJlMmJmYjczMC1lY2FhLTExZTYtOGY4OC0zNDM2M2JjN2M0YzAiOnsiY3JlYXRlIjoxODAwMDAwMDAwMDAwLCJkZWxldGUiOjE4MDAwMDAwMDAwMDAsInJlYWQiOjMwMDAwMDAwMDAwMCwidXBkYXRlIjoxODAwMDAwMDAwMDAwfX0=",
          "dependencies": [
            "azurerm_resource_group.rg",
            "azurerm_virtual_network.vnet"
          ]
        }
      ]
    },
    {
      "mode": "managed",
      "type": "azurerm_virtual_network",
      "name": "vnet",
      "provider": "provider[\"registry.terraform.io/hashicorp/azurerm\"]",
      "instances": [
        {
          "schema_version": 0,
          "attributes": {
            "address_space": [
              "10.0.0.0/16"
            ],
            "bgp_community": "",
            "ddos_protection_plan": [],
            "dns_servers": [],
            "edge_zone": "",
            "encryption": [],
            "flow_timeout_in_minutes": 0,
            "guid": "2fe8c808-a4e3-420d-878a-35463753d3d0",
            "id": "/subscriptions/be7591e7-82ec-4cc6-ad39-0b4e9f730281/resourceGroups/simulation-setup/providers/Microsoft.Network/virtualNetworks/simulation-network",
            "location": "westeurope",
            "name": "simulation-network",
            "resource_group_name": "simulation-setup",
            "subnet": [],
            "tags": null,
            "timeouts": null
          },
          "sensitive_attributes": [],
          "private": "eyJlMmJmYjczMC1lY2FhLTExZTYtOGY4OC0zNDM2M2JjN2M0YzAiOnsiY3JlYXRlIjoxODAwMDAwMDAwMDAwLCJkZWxldGUiOjE4MDAwMDAwMDAwMDAsInJlYWQiOjMwMDAwMDAwMDAwMCwidXBkYXRlIjoxODAwMDAwMDAwMDAwfX0=",
          "dependencies": [
            "azurerm_resource_group.rg"
          ]
        }
      ]
    }
  ],
  "check_results": null
}
